{
  "pins" : [
    {
      "identity" : "apibuilder",
      "kind" : "remoteSourceControl",
      "location" : "https://github.com/sergiocampama/APIBuilder.git",
      "state" : {
        "branch" : "main",
        "revision" : "2cd2ae911295f668d93486657dc463eaaca17841"
      }
    },
    {
      "identity" : "swift-argument-parser",
      "kind" : "remoteSourceControl",
      "location" : "https://github.com/apple/swift-argument-parser",
      "state" : {
        "revision" : "f3c9084a71ef4376f2fabbdf1d3d90a49f1fabdb",
        "version" : "1.1.2"
      }
    }
  ],
  "version" : 2
}
